
Microsoft Visual Studio Solution File, Format Version 12.00
# Visual Studio Version 17
VisualStudioVersion = 17.7.34024.191
MinimumVisualStudioVersion = 10.0.40219.1
Project("{FAE04EC0-301F-11D3-BF4B-00C04F79EFBC}") = "PasswordGenerator", "PasswordGenerator\PasswordGenerator.csproj", "{B547F7A4-C82E-4E4E-AE66-9A8B89558195}"
EndProject
Global
	GlobalSection(SolutionConfigurationPlatforms) = preSolution
		Debug|Any CPU = Debug|Any CPU
		Release|Any CPU = Release|Any CPU
	EndGlobalSection
	GlobalSection(ProjectConfigurationPlatforms) = postSolution
		{B547F7A4-C82E-4E4E-AE66-9A8B89558195}.Debug|Any CPU.ActiveCfg = Debug|Any CPU
		{B547F7A4-C82E-4E4E-AE66-9A8B89558195}.Debug|Any CPU.Build.0 = Debug|Any CPU
		{B547F7A4-C82E-4E4E-AE66-9A8B89558195}.Release|Any CPU.ActiveCfg = Release|Any CPU
		{B547F7A4-C82E-4E4E-AE66-9A8B89558195}.Release|Any CPU.Build.0 = Release|Any CPU
	EndGlobalSection
	GlobalSection(SolutionProperties) = preSolution
		HideSolutionNode = FALSE
	EndGlobalSection
	GlobalSection(ExtensibilityGlobals) = postSolution
		SolutionGuid = {EE64025E-B31D-40D4-9000-5FEE9AE311DA}
	EndGlobalSection
EndGlobal
